
Microsoft Visual Studio Solution File, Format Version 12.00
# Visual Studio Version 16
VisualStudioVersion = 16.0.30804.86
MinimumVisualStudioVersion = 10.0.40219.1
Project("{FAE04EC0-301F-11D3-BF4B-00C04F79EFBC}") = "Nordesque", "Nordesque.csproj", "{A3FCB57C-636D-4446-8606-0003166C2E17}"
EndProject
Global
	GlobalSection(SolutionConfigurationPlatforms) = preSolution
		Debug|Any CPU = Debug|Any CPU
		Release|Any CPU = Release|Any CPU
	EndGlobalSection
	GlobalSection(ProjectConfigurationPlatforms) = postSolution
		{A3FCB57C-636D-4446-8606-0003166C2E17}.Debug|Any CPU.ActiveCfg = Debug|Any CPU
		{A3FCB57C-636D-4446-8606-0003166C2E17}.Debug|Any CPU.Build.0 = Debug|Any CPU
		{A3FCB57C-636D-4446-8606-0003166C2E17}.Release|Any CPU.ActiveCfg = Release|Any CPU
		{A3FCB57C-636D-4446-8606-0003166C2E17}.Release|Any CPU.Build.0 = Release|Any CPU
	EndGlobalSection
	GlobalSection(SolutionProperties) = preSolution
		HideSolutionNode = FALSE
	EndGlobalSection
	GlobalSection(ExtensibilityGlobals) = postSolution
		SolutionGuid = {9D63399F-8E23-4E27-A684-FEA2D9E1A7F4}
	EndGlobalSection
EndGlobal
